
Microsoft Visual Studio Solution File, Format Version 12.00
# Visual Studio Version 17
VisualStudioVersion = 17.9.34607.119
MinimumVisualStudioVersion = 10.0.40219.1
Project("{9A19103F-16F7-4668-BE54-9A1E7A4F7556}") = "ReadyTasks", "ReadyTasks\ReadyTasks.csproj", "{3F274B52-B934-4822-AF73-D90EBB35E461}"
EndProject
Global
	GlobalSection(SolutionConfigurationPlatforms) = preSolution
		Debug|Any CPU = Debug|Any CPU
		Release|Any CPU = Release|Any CPU
	EndGlobalSection
	GlobalSection(ProjectConfigurationPlatforms) = postSolution
		{3F274B52-B934-4822-AF73-D90EBB35E461}.Debug|Any CPU.ActiveCfg = Debug|Any CPU
		{3F274B52-B934-4822-AF73-D90EBB35E461}.Debug|Any CPU.Build.0 = Debug|Any CPU
		{3F274B52-B934-4822-AF73-D90EBB35E461}.Release|Any CPU.ActiveCfg = Release|Any CPU
		{3F274B52-B934-4822-AF73-D90EBB35E461}.Release|Any CPU.Build.0 = Release|Any CPU
	EndGlobalSection
	GlobalSection(SolutionProperties) = preSolution
		HideSolutionNode = FALSE
	EndGlobalSection
	GlobalSection(ExtensibilityGlobals) = postSolution
		SolutionGuid = {E8628605-923C-4C4F-8BE1-5D9144134573}
	EndGlobalSection
EndGlobal
